// !$*UTF8*$!
{
	archiveVersion = 1;
	classes = {
	};
	objectVersion = 45;
	objects = {

/* Begin PBXBuildFile section */
		8D11072F0486CEB800E47090 /* Cocoa.framework in Frameworks */ = {isa = PBXBuildFile; fileRef = 1058C7A1FEA54F0111CA2CBB /* Cocoa.framework */; };
		967555F81689624A008F6B69 /* CController.m in Sources */ = {isa = PBXBuildFile; fileRef = 967555EC1689624A008F6B69 /* CController.m */; };
		967555F91689624A008F6B69 /* CPatternController.m in Sources */ = {isa = PBXBuildFile; fileRef = 967555EF1689624A008F6B69 /* CPatternController.m */; };
		967555FB1689624A008F6B69 /* NSCollections+MPTidbits.m in Sources */ = {isa = PBXBuildFile; fileRef = 967555F31689624A008F6B69 /* NSCollections+MPTidbits.m */; };
		967555FC1689624A008F6B69 /* NSColor+CAdditions.m in Sources */ = {isa = PBXBuildFile; fileRef = 967555F51689624A008F6B69 /* NSColor+CAdditions.m */; };
		967555FD1689624A008F6B69 /* NSString+MPTidbits.m in Sources */ = {isa = PBXBuildFile; fileRef = 967555F71689624A008F6B69 /* NSString+MPTidbits.m */; };
		9675560D16896256008F6B69 /* Colors.icns in Resources */ = {isa = PBXBuildFile; fileRef = 967555FF16896256008F6B69 /* Colors.icns */; };
		9675560E16896256008F6B69 /* DefaultPatterns.plist in Resources */ = {isa = PBXBuildFile; fileRef = 9675560016896256008F6B69 /* DefaultPatterns.plist */; };
		9675560F16896256008F6B69 /* InfoPlist.strings in Resources */ = {isa = PBXBuildFile; fileRef = 9675560116896256008F6B69 /* InfoPlist.strings */; };
		9675561016896256008F6B69 /* MainMenu.nib in Resources */ = {isa = PBXBuildFile; fileRef = 9675560316896256008F6B69 /* MainMenu.nib */; };
		9675561316896256008F6B69 /* hud-prefs.png in Resources */ = {isa = PBXBuildFile; fileRef = 9675560816896256008F6B69 /* hud-prefs.png */; };
		9675561416896256008F6B69 /* hud-prefs@2x.png in Resources */ = {isa = PBXBuildFile; fileRef = 9675560916896256008F6B69 /* hud-prefs@2x.png */; };
		9675561616896256008F6B69 /* magnifier.png in Resources */ = {isa = PBXBuildFile; fileRef = 9675560B16896256008F6B69 /* magnifier.png */; };
		9675561716896256008F6B69 /* magnifier@2x.png in Resources */ = {isa = PBXBuildFile; fileRef = 9675560C16896256008F6B69 /* magnifier@2x.png */; };
		9675561A16896266008F6B69 /* BGHUDAppKit.framework in Frameworks */ = {isa = PBXBuildFile; fileRef = 9675561816896266008F6B69 /* BGHUDAppKit.framework */; };
		9675561B16896266008F6B69 /* BWToolkitFramework.framework in Frameworks */ = {isa = PBXBuildFile; fileRef = 9675561916896266008F6B69 /* BWToolkitFramework.framework */; };
		9675561D16896295008F6B69 /* Info.plist in Resources */ = {isa = PBXBuildFile; fileRef = 9675561C16896295008F6B69 /* Info.plist */; };
		96755620168962AB008F6B69 /* main.m in Sources */ = {isa = PBXBuildFile; fileRef = 9675561F168962AB008F6B69 /* main.m */; };
/* End PBXBuildFile section */

/* Begin PBXCopyFilesBuildPhase section */
		C9EAF90110139E3F00A92931 /* CopyFiles */ = {
			isa = PBXCopyFilesBuildPhase;
			buildActionMask = 2147483647;
			dstPath = "";
			dstSubfolderSpec = 10;
			files = (
			);
			runOnlyForDeploymentPostprocessing = 0;
		};
/* End PBXCopyFilesBuildPhase section */

/* Begin PBXFileReference section */
		1058C7A1FEA54F0111CA2CBB /* Cocoa.framework */ = {isa = PBXFileReference; lastKnownFileType = wrapper.framework; name = Cocoa.framework; path = /System/Library/Frameworks/Cocoa.framework; sourceTree = "<absolute>"; };
		13E42FB307B3F0F600E4EEF1 /* CoreData.framework */ = {isa = PBXFileReference; lastKnownFileType = wrapper.framework; name = CoreData.framework; path = /System/Library/Frameworks/CoreData.framework; sourceTree = "<absolute>"; };
		29B97324FDCFA39411CA2CEA /* AppKit.framework */ = {isa = PBXFileReference; lastKnownFileType = wrapper.framework; name = AppKit.framework; path = /System/Library/Frameworks/AppKit.framework; sourceTree = "<absolute>"; };
		29B97325FDCFA39411CA2CEA /* Foundation.framework */ = {isa = PBXFileReference; lastKnownFileType = wrapper.framework; name = Foundation.framework; path = /System/Library/Frameworks/Foundation.framework; sourceTree = "<absolute>"; };
		8D1107320486CEB800E47090 /* Colors.app */ = {isa = PBXFileReference; explicitFileType = wrapper.application; includeInIndex = 0; path = Colors.app; sourceTree = BUILT_PRODUCTS_DIR; };
		967555EB1689624A008F6B69 /* CController.h */ = {isa = PBXFileReference; fileEncoding = 4; lastKnownFileType = sourcecode.c.h; path = CController.h; sourceTree = "<group>"; };
		967555EC1689624A008F6B69 /* CController.m */ = {isa = PBXFileReference; fileEncoding = 4; lastKnownFileType = sourcecode.c.objc; path = CController.m; sourceTree = "<group>"; };
		967555ED1689624A008F6B69 /* Colors_Prefix.pch */ = {isa = PBXFileReference; fileEncoding = 4; lastKnownFileType = sourcecode.c.h; path = Colors_Prefix.pch; sourceTree = "<group>"; };
		967555EE1689624A008F6B69 /* CPatternController.h */ = {isa = PBXFileReference; fileEncoding = 4; lastKnownFileType = sourcecode.c.h; path = CPatternController.h; sourceTree = "<group>"; };
		967555EF1689624A008F6B69 /* CPatternController.m */ = {isa = PBXFileReference; fileEncoding = 4; lastKnownFileType = sourcecode.c.objc; path = CPatternController.m; sourceTree = "<group>"; };
		967555F01689624A008F6B69 /* main.m */ = {isa = PBXFileReference; fileEncoding = 4; lastKnownFileType = sourcecode.c.objc; path = main.m; sourceTree = "<group>"; };
		967555F11689624A008F6B69 /* MPTidbits.h */ = {isa = PBXFileReference; fileEncoding = 4; lastKnownFileType = sourcecode.c.h; path = MPTidbits.h; sourceTree = "<group>"; };
		967555F21689624A008F6B69 /* NSCollections+MPTidbits.h */ = {isa = PBXFileReference; fileEncoding = 4; lastKnownFileType = sourcecode.c.h; path = "NSCollections+MPTidbits.h"; sourceTree = "<group>"; };
		967555F31689624A008F6B69 /* NSCollections+MPTidbits.m */ = {isa = PBXFileReference; fileEncoding = 4; lastKnownFileType = sourcecode.c.objc; path = "NSCollections+MPTidbits.m"; sourceTree = "<group>"; };
		967555F41689624A008F6B69 /* NSColor+CAdditions.h */ = {isa = PBXFileReference; fileEncoding = 4; lastKnownFileType = sourcecode.c.h; path = "NSColor+CAdditions.h"; sourceTree = "<group>"; };
		967555F51689624A008F6B69 /* NSColor+CAdditions.m */ = {isa = PBXFileReference; fileEncoding = 4; lastKnownFileType = sourcecode.c.objc; path = "NSColor+CAdditions.m"; sourceTree = "<group>"; };
		967555F61689624A008F6B69 /* NSString+MPTidbits.h */ = {isa = PBXFileReference; fileEncoding = 4; lastKnownFileType = sourcecode.c.h; path = "NSString+MPTidbits.h"; sourceTree = "<group>"; };
		967555F71689624A008F6B69 /* NSString+MPTidbits.m */ = {isa = PBXFileReference; fileEncoding = 4; lastKnownFileType = sourcecode.c.objc; path = "NSString+MPTidbits.m"; sourceTree = "<group>"; };
		967555FF16896256008F6B69 /* Colors.icns */ = {isa = PBXFileReference; lastKnownFileType = image.icns; path = Colors.icns; sourceTree = "<group>"; };
		9675560016896256008F6B69 /* DefaultPatterns.plist */ = {isa = PBXFileReference; fileEncoding = 4; lastKnownFileType = text.plist.xml; path = DefaultPatterns.plist; sourceTree = "<group>"; };
		9675560216896256008F6B69 /* English */ = {isa = PBXFileReference; lastKnownFileType = text.plist.strings; name = English; path = English.lproj/InfoPlist.strings; sourceTree = "<group>"; };
		9675560416896256008F6B69 /* English */ = {isa = PBXFileReference; lastKnownFileType = wrapper.nib; name = English; path = English.lproj/MainMenu.nib; sourceTree = "<group>"; };
		9675560816896256008F6B69 /* hud-prefs.png */ = {isa = PBXFileReference; lastKnownFileType = image.png; path = "hud-prefs.png"; sourceTree = "<group>"; };
		9675560916896256008F6B69 /* hud-prefs@2x.png */ = {isa = PBXFileReference; lastKnownFileType = image.png; path = "hud-prefs@2x.png"; sourceTree = "<group>"; };
		9675560B16896256008F6B69 /* magnifier.png */ = {isa = PBXFileReference; lastKnownFileType = image.png; path = magnifier.png; sourceTree = "<group>"; };
		9675560C16896256008F6B69 /* magnifier@2x.png */ = {isa = PBXFileReference; lastKnownFileType = image.png; path = "magnifier@2x.png"; sourceTree = "<group>"; };
		9675561816896266008F6B69 /* BGHUDAppKit.framework */ = {isa = PBXFileReference; lastKnownFileType = wrapper.framework; name = BGHUDAppKit.framework; path = Frameworks/BGHUDAppKit.framework; sourceTree = "<group>"; };
		9675561916896266008F6B69 /* BWToolkitFramework.framework */ = {isa = PBXFileReference; lastKnownFileType = wrapper.framework; name = BWToolkitFramework.framework; path = Frameworks/BWToolkitFramework.framework; sourceTree = "<group>"; };
		9675561C16896295008F6B69 /* Info.plist */ = {isa = PBXFileReference; fileEncoding = 4; lastKnownFileType = text.plist.xml; path = Info.plist; sourceTree = SOURCE_ROOT; };
		9675561E168962AB008F6B69 /* Colors_Prefix.pch */ = {isa = PBXFileReference; fileEncoding = 4; lastKnownFileType = sourcecode.c.h; path = Colors_Prefix.pch; sourceTree = "<group>"; };
		9675561F168962AB008F6B69 /* main.m */ = {isa = PBXFileReference; fileEncoding = 4; lastKnownFileType = sourcecode.c.objc; path = main.m; sourceTree = "<group>"; };
/* End PBXFileReference section */

/* Begin PBXFrameworksBuildPhase section */
		8D11072E0486CEB800E47090 /* Frameworks */ = {
			isa = PBXFrameworksBuildPhase;
			buildActionMask = 2147483647;
			files = (
				8D11072F0486CEB800E47090 /* Cocoa.framework in Frameworks */,
				9675561A16896266008F6B69 /* BGHUDAppKit.framework in Frameworks */,
				9675561B16896266008F6B69 /* BWToolkitFramework.framework in Frameworks */,
			);
			runOnlyForDeploymentPostprocessing = 0;
		};
/* End PBXFrameworksBuildPhase section */

/* Begin PBXGroup section */
		1058C7A0FEA54F0111CA2CBB /* Linked Frameworks */ = {
			isa = PBXGroup;
			children = (
				9675561816896266008F6B69 /* BGHUDAppKit.framework */,
				9675561916896266008F6B69 /* BWToolkitFramework.framework */,
				1058C7A1FEA54F0111CA2CBB /* Cocoa.framework */,
			);
			name = "Linked Frameworks";
			sourceTree = "<group>";
		};
		1058C7A2FEA54F0111CA2CBB /* Other Frameworks */ = {
			isa = PBXGroup;
			children = (
				29B97324FDCFA39411CA2CEA /* AppKit.framework */,
				13E42FB307B3F0F600E4EEF1 /* CoreData.framework */,
				29B97325FDCFA39411CA2CEA /* Foundation.framework */,
			);
			name = "Other Frameworks";
			sourceTree = "<group>";
		};
		19C28FACFE9D520D11CA2CBB /* Products */ = {
			isa = PBXGroup;
			children = (
				8D1107320486CEB800E47090 /* Colors.app */,
			);
			name = Products;
			sourceTree = "<group>";
		};
		29B97314FDCFA39411CA2CEA /* Colors */ = {
			isa = PBXGroup;
			children = (
				9675561E168962AB008F6B69 /* Colors_Prefix.pch */,
				9675561F168962AB008F6B69 /* main.m */,
				967555FE16896256008F6B69 /* Resources */,
				967555EA1689624A008F6B69 /* Classes */,
				29B97323FDCFA39411CA2CEA /* Frameworks */,
				19C28FACFE9D520D11CA2CBB /* Products */,
			);
			name = Colors;
			sourceTree = "<group>";
		};
		29B97323FDCFA39411CA2CEA /* Frameworks */ = {
			isa = PBXGroup;
			children = (
				1058C7A0FEA54F0111CA2CBB /* Linked Frameworks */,
				1058C7A2FEA54F0111CA2CBB /* Other Frameworks */,
			);
			name = Frameworks;
			sourceTree = "<group>";
		};
		967555EA1689624A008F6B69 /* Classes */ = {
			isa = PBXGroup;
			children = (
				967555EB1689624A008F6B69 /* CController.h */,
				967555EC1689624A008F6B69 /* CController.m */,
				967555ED1689624A008F6B69 /* Colors_Prefix.pch */,
				967555EE1689624A008F6B69 /* CPatternController.h */,
				967555EF1689624A008F6B69 /* CPatternController.m */,
				967555F01689624A008F6B69 /* main.m */,
				967555F11689624A008F6B69 /* MPTidbits.h */,
				967555F21689624A008F6B69 /* NSCollections+MPTidbits.h */,
				967555F31689624A008F6B69 /* NSCollections+MPTidbits.m */,
				967555F41689624A008F6B69 /* NSColor+CAdditions.h */,
				967555F51689624A008F6B69 /* NSColor+CAdditions.m */,
				967555F61689624A008F6B69 /* NSString+MPTidbits.h */,
				967555F71689624A008F6B69 /* NSString+MPTidbits.m */,
			);
			path = Classes;
			sourceTree = "<group>";
		};
		967555FE16896256008F6B69 /* Resources */ = {
			isa = PBXGroup;
			children = (
				9675561C16896295008F6B69 /* Info.plist */,
				967555FF16896256008F6B69 /* Colors.icns */,
				9675560016896256008F6B69 /* DefaultPatterns.plist */,
				9675560116896256008F6B69 /* InfoPlist.strings */,
				9675560316896256008F6B69 /* MainMenu.nib */,
				9675560816896256008F6B69 /* hud-prefs.png */,
				9675560916896256008F6B69 /* hud-prefs@2x.png */,
				9675560B16896256008F6B69 /* magnifier.png */,
				9675560C16896256008F6B69 /* magnifier@2x.png */,
			);
			path = Resources;
			sourceTree = "<group>";
		};
/* End PBXGroup section */

/* Begin PBXNativeTarget section */
		8D1107260486CEB800E47090 /* Colors */ = {
			isa = PBXNativeTarget;
			buildConfigurationList = C01FCF4A08A954540054247B /* Build configuration list for PBXNativeTarget "Colors" */;
			buildPhases = (
				8D1107290486CEB800E47090 /* Resources */,
				8D11072C0486CEB800E47090 /* Sources */,
				8D11072E0486CEB800E47090 /* Frameworks */,
				C9EAF90110139E3F00A92931 /* CopyFiles */,
			);
			buildRules = (
			);
			dependencies = (
			);
			name = Colors;
			productInstallPath = "$(HOME)/Applications";
			productName = Colors;
			productReference = 8D1107320486CEB800E47090 /* Colors.app */;
			productType = "com.apple.product-type.application";
		};
/* End PBXNativeTarget section */

/* Begin PBXProject section */
		29B97313FDCFA39411CA2CEA /* Project object */ = {
			isa = PBXProject;
			buildConfigurationList = C01FCF4E08A954540054247B /* Build configuration list for PBXProject "Colors" */;
			compatibilityVersion = "Xcode 3.1";
			developmentRegion = English;
			hasScannedForEncodings = 1;
			knownRegions = (
				en,
				English,
			);
			mainGroup = 29B97314FDCFA39411CA2CEA /* Colors */;
			projectDirPath = "";
			projectRoot = "";
			targets = (
				8D1107260486CEB800E47090 /* Colors */,
			);
		};
/* End PBXProject section */

/* Begin PBXResourcesBuildPhase section */
		8D1107290486CEB800E47090 /* Resources */ = {
			isa = PBXResourcesBuildPhase;
			buildActionMask = 2147483647;
			files = (
				9675560D16896256008F6B69 /* Colors.icns in Resources */,
				9675560E16896256008F6B69 /* DefaultPatterns.plist in Resources */,
				9675560F16896256008F6B69 /* InfoPlist.strings in Resources */,
				9675561016896256008F6B69 /* MainMenu.nib in Resources */,
				9675561316896256008F6B69 /* hud-prefs.png in Resources */,
				9675561416896256008F6B69 /* hud-prefs@2x.png in Resources */,
				9675561616896256008F6B69 /* magnifier.png in Resources */,
				9675561716896256008F6B69 /* magnifier@2x.png in Resources */,
				9675561D16896295008F6B69 /* Info.plist in Resources */,
			);
			runOnlyForDeploymentPostprocessing = 0;
		};
/* End PBXResourcesBuildPhase section */

/* Begin PBXSourcesBuildPhase section */
		8D11072C0486CEB800E47090 /* Sources */ = {
			isa = PBXSourcesBuildPhase;
			buildActionMask = 2147483647;
			files = (
				967555F81689624A008F6B69 /* CController.m in Sources */,
				967555F91689624A008F6B69 /* CPatternController.m in Sources */,
				967555FB1689624A008F6B69 /* NSCollections+MPTidbits.m in Sources */,
				967555FC1689624A008F6B69 /* NSColor+CAdditions.m in Sources */,
				967555FD1689624A008F6B69 /* NSString+MPTidbits.m in Sources */,
				96755620168962AB008F6B69 /* main.m in Sources */,
			);
			runOnlyForDeploymentPostprocessing = 0;
		};
/* End PBXSourcesBuildPhase section */

/* Begin PBXVariantGroup section */
		9675560116896256008F6B69 /* InfoPlist.strings */ = {
			isa = PBXVariantGroup;
			children = (
				9675560216896256008F6B69 /* English */,
			);
			name = InfoPlist.strings;
			sourceTree = "<group>";
		};
		9675560316896256008F6B69 /* MainMenu.nib */ = {
			isa = PBXVariantGroup;
			children = (
				9675560416896256008F6B69 /* English */,
			);
			name = MainMenu.nib;
			sourceTree = "<group>";
		};
/* End PBXVariantGroup section */

/* Begin XCBuildConfiguration section */
		C01FCF4B08A954540054247B /* Debug */ = {
			isa = XCBuildConfiguration;
			buildSettings = {
				ALWAYS_SEARCH_USER_PATHS = NO;
				COPY_PHASE_STRIP = NO;
				FRAMEWORK_SEARCH_PATHS = (
					"$(inherited)",
					"\"$(SRCROOT)\"",
					"\"$(SRCROOT)/Frameworks\"",
				);
				GCC_DYNAMIC_NO_PIC = NO;
				GCC_ENABLE_FIX_AND_CONTINUE = YES;
				GCC_MODEL_TUNING = G5;
				GCC_OPTIMIZATION_LEVEL = 0;
				GCC_PRECOMPILE_PREFIX_HEADER = YES;
				GCC_PREFIX_HEADER = Colors_Prefix.pch;
				INFOPLIST_FILE = Info.plist;
				INSTALL_PATH = "$(HOME)/Applications";
				MACOSX_DEPLOYMENT_TARGET = 10.8;
				PRODUCT_NAME = Colors;
				SDKROOT = "";
			};
			name = Debug;
		};
		C01FCF4C08A954540054247B /* Release */ = {
			isa = XCBuildConfiguration;
			buildSettings = {
				ALWAYS_SEARCH_USER_PATHS = NO;
				DEBUG_INFORMATION_FORMAT = "dwarf-with-dsym";
				FRAMEWORK_SEARCH_PATHS = (
					"$(inherited)",
					"\"$(SRCROOT)\"",
					"\"$(SRCROOT)/Frameworks\"",
				);
				GCC_MODEL_TUNING = G5;
				GCC_PRECOMPILE_PREFIX_HEADER = YES;
				GCC_PREFIX_HEADER = Colors_Prefix.pch;
				INFOPLIST_FILE = Info.plist;
				INSTALL_PATH = "$(HOME)/Applications";
				MACOSX_DEPLOYMENT_TARGET = 10.8;
				PRODUCT_NAME = Colors;
				SDKROOT = "";
			};
			name = Release;
		};
		C01FCF4F08A954540054247B /* Debug */ = {
			isa = XCBuildConfiguration;
			buildSettings = {
				ALWAYS_SEARCH_USER_PATHS = NO;
				ARCHS = "$(ARCHS_STANDARD_32_64_BIT)";
				GCC_OPTIMIZATION_LEVEL = 0;
				GCC_WARN_ABOUT_RETURN_TYPE = YES;
				GCC_WARN_UNUSED_VARIABLE = YES;
				ONLY_ACTIVE_ARCH = YES;
				PREBINDING = NO;
				SDKROOT = macosx10.5;
			};
			name = Debug;
		};
		C01FCF5008A954540054247B /* Release */ = {
			isa = XCBuildConfiguration;
			buildSettings = {
				ALWAYS_SEARCH_USER_PATHS = NO;
				ARCHS = "$(ARCHS_STANDARD_32_64_BIT)";
				GCC_WARN_ABOUT_RETURN_TYPE = YES;
				GCC_WARN_UNUSED_VARIABLE = YES;
				PREBINDING = NO;
				SDKROOT = macosx10.5;
			};
			name = Release;
		};
/* End XCBuildConfiguration section */

/* Begin XCConfigurationList section */
		C01FCF4A08A954540054247B /* Build configuration list for PBXNativeTarget "Colors" */ = {
			isa = XCConfigurationList;
			buildConfigurations = (
				C01FCF4B08A954540054247B /* Debug */,
				C01FCF4C08A954540054247B /* Release */,
			);
			defaultConfigurationIsVisible = 0;
			defaultConfigurationName = Release;
		};
		C01FCF4E08A954540054247B /* Build configuration list for PBXProject "Colors" */ = {
			isa = XCConfigurationList;
			buildConfigurations = (
				C01FCF4F08A954540054247B /* Debug */,
				C01FCF5008A954540054247B /* Release */,
			);
			defaultConfigurationIsVisible = 0;
			defaultConfigurationName = Release;
		};
/* End XCConfigurationList section */
	};
	rootObject = 29B97313FDCFA39411CA2CEA /* Project object */;
}
