// !$*UTF8*$!
{
	archiveVersion = 1;
	classes = {
	};
	objectVersion = 45;
	objects = {

/* Begin PBXBuildFile section */
		8D11072A0486CEB800E47090 /* MainMenu.nib in Resources */ = {isa = PBXBuildFile; fileRef = 29B97318FDCFA39411CA2CEA /* MainMenu.nib */; };
		8D11072B0486CEB800E47090 /* InfoPlist.strings in Resources */ = {isa = PBXBuildFile; fileRef = 089C165CFE840E0CC02AAC07 /* InfoPlist.strings */; };
		8D11072D0486CEB800E47090 /* main.m in Sources */ = {isa = PBXBuildFile; fileRef = 29B97316FDCFA39411CA2CEA /* main.m */; settings = {ATTRIBUTES = (); }; };
		8D11072F0486CEB800E47090 /* Cocoa.framework in Frameworks */ = {isa = PBXBuildFile; fileRef = 1058C7A1FEA54F0111CA2CBB /* Cocoa.framework */; };
		C94AEBF710139C820029A1F6 /* CController.m in Sources */ = {isa = PBXBuildFile; fileRef = C94AEBF610139C820029A1F6 /* CController.m */; };
		C972A2D00DF21202006F159E /* Colors.icns in Resources */ = {isa = PBXBuildFile; fileRef = C972A2CF0DF21202006F159E /* Colors.icns */; };
		C9A04122101BA99C00ACFD6C /* BGHUDAppKit.framework in Frameworks */ = {isa = PBXBuildFile; fileRef = C9A04121101BA99C00ACFD6C /* BGHUDAppKit.framework */; };
		C9A04149101BA9A000ACFD6C /* BGHUDAppKit.framework in CopyFiles */ = {isa = PBXBuildFile; fileRef = C9A04121101BA99C00ACFD6C /* BGHUDAppKit.framework */; };
		C9BD6E3C107A7DBB0035697C /* hud-prefs.png in Resources */ = {isa = PBXBuildFile; fileRef = C9BD6E3B107A7DBB0035697C /* hud-prefs.png */; };
		C9C31FB7104CB9B500F321FB /* NSCollections+MPTidbits.m in Sources */ = {isa = PBXBuildFile; fileRef = C9C31FB4104CB9B500F321FB /* NSCollections+MPTidbits.m */; };
		C9C31FB8104CB9B500F321FB /* NSString+MPTidbits.m in Sources */ = {isa = PBXBuildFile; fileRef = C9C31FB6104CB9B500F321FB /* NSString+MPTidbits.m */; };
		C9D2C0970D98375D006DC17F /* magnifier.png in Resources */ = {isa = PBXBuildFile; fileRef = C9D2C0960D98375D006DC17F /* magnifier.png */; };
		C9EAF8C810139E2600A92931 /* BWToolkitFramework.framework in Frameworks */ = {isa = PBXBuildFile; fileRef = C9EAF8C710139E2600A92931 /* BWToolkitFramework.framework */; };
		C9EAF8F510139E3300A92931 /* BWToolkitFramework.framework in CopyFiles */ = {isa = PBXBuildFile; fileRef = C9EAF8C710139E2600A92931 /* BWToolkitFramework.framework */; };
		C9EAF91B10139F1500A92931 /* CPatternController.m in Sources */ = {isa = PBXBuildFile; fileRef = C9EAF91A10139F1500A92931 /* CPatternController.m */; };
		C9EAF91F1013A04D00A92931 /* DefaultPatterns.plist in Resources */ = {isa = PBXBuildFile; fileRef = C9EAF91E1013A04D00A92931 /* DefaultPatterns.plist */; };
		C9EAF9251013A23F00A92931 /* NSColor+CAdditions.m in Sources */ = {isa = PBXBuildFile; fileRef = C9EAF9241013A23F00A92931 /* NSColor+CAdditions.m */; };
/* End PBXBuildFile section */

/* Begin PBXCopyFilesBuildPhase section */
		C9EAF90110139E3F00A92931 /* CopyFiles */ = {
			isa = PBXCopyFilesBuildPhase;
			buildActionMask = 2147483647;
			dstPath = "";
			dstSubfolderSpec = 10;
			files = (
				C9A04149101BA9A000ACFD6C /* BGHUDAppKit.framework in CopyFiles */,
				C9EAF8F510139E3300A92931 /* BWToolkitFramework.framework in CopyFiles */,
			);
			runOnlyForDeploymentPostprocessing = 0;
		};
/* End PBXCopyFilesBuildPhase section */

/* Begin PBXFileReference section */
		089C165DFE840E0CC02AAC07 /* English */ = {isa = PBXFileReference; fileEncoding = 10; lastKnownFileType = text.plist.strings; name = English; path = English.lproj/InfoPlist.strings; sourceTree = "<group>"; };
		1058C7A1FEA54F0111CA2CBB /* Cocoa.framework */ = {isa = PBXFileReference; lastKnownFileType = wrapper.framework; name = Cocoa.framework; path = /System/Library/Frameworks/Cocoa.framework; sourceTree = "<absolute>"; };
		13E42FB307B3F0F600E4EEF1 /* CoreData.framework */ = {isa = PBXFileReference; lastKnownFileType = wrapper.framework; name = CoreData.framework; path = /System/Library/Frameworks/CoreData.framework; sourceTree = "<absolute>"; };
		29B97316FDCFA39411CA2CEA /* main.m */ = {isa = PBXFileReference; fileEncoding = 4; lastKnownFileType = sourcecode.c.objc; path = main.m; sourceTree = "<group>"; };
		29B97319FDCFA39411CA2CEA /* English */ = {isa = PBXFileReference; lastKnownFileType = wrapper.nib; name = English; path = English.lproj/MainMenu.nib; sourceTree = "<group>"; };
		29B97324FDCFA39411CA2CEA /* AppKit.framework */ = {isa = PBXFileReference; lastKnownFileType = wrapper.framework; name = AppKit.framework; path = /System/Library/Frameworks/AppKit.framework; sourceTree = "<absolute>"; };
		29B97325FDCFA39411CA2CEA /* Foundation.framework */ = {isa = PBXFileReference; lastKnownFileType = wrapper.framework; name = Foundation.framework; path = /System/Library/Frameworks/Foundation.framework; sourceTree = "<absolute>"; };
		32CA4F630368D1EE00C91783 /* Colors_Prefix.pch */ = {isa = PBXFileReference; fileEncoding = 4; lastKnownFileType = sourcecode.c.h; path = Colors_Prefix.pch; sourceTree = "<group>"; };
		8D1107310486CEB800E47090 /* Info.plist */ = {isa = PBXFileReference; fileEncoding = 4; lastKnownFileType = text.plist.xml; path = Info.plist; sourceTree = "<group>"; };
		8D1107320486CEB800E47090 /* Colors.app */ = {isa = PBXFileReference; explicitFileType = wrapper.application; includeInIndex = 0; path = Colors.app; sourceTree = BUILT_PRODUCTS_DIR; };
		C94AEBF510139C820029A1F6 /* CController.h */ = {isa = PBXFileReference; fileEncoding = 4; lastKnownFileType = sourcecode.c.h; path = CController.h; sourceTree = "<group>"; };
		C94AEBF610139C820029A1F6 /* CController.m */ = {isa = PBXFileReference; fileEncoding = 4; lastKnownFileType = sourcecode.c.objc; path = CController.m; sourceTree = "<group>"; };
		C972A2CF0DF21202006F159E /* Colors.icns */ = {isa = PBXFileReference; lastKnownFileType = image.icns; path = Colors.icns; sourceTree = "<group>"; };
		C9A04121101BA99C00ACFD6C /* BGHUDAppKit.framework */ = {isa = PBXFileReference; lastKnownFileType = wrapper.framework; path = BGHUDAppKit.framework; sourceTree = "<group>"; };
		C9BD6E3B107A7DBB0035697C /* hud-prefs.png */ = {isa = PBXFileReference; lastKnownFileType = image.png; path = "hud-prefs.png"; sourceTree = "<group>"; };
		C9C31FB2104CB9B500F321FB /* MPTidbits.h */ = {isa = PBXFileReference; fileEncoding = 4; lastKnownFileType = sourcecode.c.h; path = MPTidbits.h; sourceTree = "<group>"; };
		C9C31FB3104CB9B500F321FB /* NSCollections+MPTidbits.h */ = {isa = PBXFileReference; fileEncoding = 4; lastKnownFileType = sourcecode.c.h; path = "NSCollections+MPTidbits.h"; sourceTree = "<group>"; };
		C9C31FB4104CB9B500F321FB /* NSCollections+MPTidbits.m */ = {isa = PBXFileReference; fileEncoding = 4; lastKnownFileType = sourcecode.c.objc; path = "NSCollections+MPTidbits.m"; sourceTree = "<group>"; };
		C9C31FB5104CB9B500F321FB /* NSString+MPTidbits.h */ = {isa = PBXFileReference; fileEncoding = 4; lastKnownFileType = sourcecode.c.h; path = "NSString+MPTidbits.h"; sourceTree = "<group>"; };
		C9C31FB6104CB9B500F321FB /* NSString+MPTidbits.m */ = {isa = PBXFileReference; fileEncoding = 4; lastKnownFileType = sourcecode.c.objc; path = "NSString+MPTidbits.m"; sourceTree = "<group>"; };
		C9D2C0960D98375D006DC17F /* magnifier.png */ = {isa = PBXFileReference; lastKnownFileType = image.png; path = magnifier.png; sourceTree = "<group>"; };
		C9EAF8C710139E2600A92931 /* BWToolkitFramework.framework */ = {isa = PBXFileReference; lastKnownFileType = wrapper.framework; path = BWToolkitFramework.framework; sourceTree = "<group>"; };
		C9EAF91910139F1500A92931 /* CPatternController.h */ = {isa = PBXFileReference; fileEncoding = 4; lastKnownFileType = sourcecode.c.h; path = CPatternController.h; sourceTree = "<group>"; };
		C9EAF91A10139F1500A92931 /* CPatternController.m */ = {isa = PBXFileReference; fileEncoding = 4; lastKnownFileType = sourcecode.c.objc; path = CPatternController.m; sourceTree = "<group>"; };
		C9EAF91E1013A04D00A92931 /* DefaultPatterns.plist */ = {isa = PBXFileReference; fileEncoding = 4; lastKnownFileType = text.plist.xml; path = DefaultPatterns.plist; sourceTree = "<group>"; };
		C9EAF9231013A23F00A92931 /* NSColor+CAdditions.h */ = {isa = PBXFileReference; fileEncoding = 4; lastKnownFileType = sourcecode.c.h; path = "NSColor+CAdditions.h"; sourceTree = "<group>"; };
		C9EAF9241013A23F00A92931 /* NSColor+CAdditions.m */ = {isa = PBXFileReference; fileEncoding = 4; lastKnownFileType = sourcecode.c.objc; path = "NSColor+CAdditions.m"; sourceTree = "<group>"; };
/* End PBXFileReference section */

/* Begin PBXFrameworksBuildPhase section */
		8D11072E0486CEB800E47090 /* Frameworks */ = {
			isa = PBXFrameworksBuildPhase;
			buildActionMask = 2147483647;
			files = (
				8D11072F0486CEB800E47090 /* Cocoa.framework in Frameworks */,
				C9EAF8C810139E2600A92931 /* BWToolkitFramework.framework in Frameworks */,
				C9A04122101BA99C00ACFD6C /* BGHUDAppKit.framework in Frameworks */,
			);
			runOnlyForDeploymentPostprocessing = 0;
		};
/* End PBXFrameworksBuildPhase section */

/* Begin PBXGroup section */
		080E96DDFE201D6D7F000001 /* Classes */ = {
			isa = PBXGroup;
			children = (
				C94AEBF510139C820029A1F6 /* CController.h */,
				C94AEBF610139C820029A1F6 /* CController.m */,
				C9EAF91910139F1500A92931 /* CPatternController.h */,
				C9EAF91A10139F1500A92931 /* CPatternController.m */,
			);
			name = Classes;
			sourceTree = "<group>";
		};
		1058C7A0FEA54F0111CA2CBB /* Linked Frameworks */ = {
			isa = PBXGroup;
			children = (
				C9A04121101BA99C00ACFD6C /* BGHUDAppKit.framework */,
				C9EAF8C710139E2600A92931 /* BWToolkitFramework.framework */,
				1058C7A1FEA54F0111CA2CBB /* Cocoa.framework */,
			);
			name = "Linked Frameworks";
			sourceTree = "<group>";
		};
		1058C7A2FEA54F0111CA2CBB /* Other Frameworks */ = {
			isa = PBXGroup;
			children = (
				29B97324FDCFA39411CA2CEA /* AppKit.framework */,
				13E42FB307B3F0F600E4EEF1 /* CoreData.framework */,
				29B97325FDCFA39411CA2CEA /* Foundation.framework */,
			);
			name = "Other Frameworks";
			sourceTree = "<group>";
		};
		19C28FACFE9D520D11CA2CBB /* Products */ = {
			isa = PBXGroup;
			children = (
				8D1107320486CEB800E47090 /* Colors.app */,
			);
			name = Products;
			sourceTree = "<group>";
		};
		29B97314FDCFA39411CA2CEA /* Colors */ = {
			isa = PBXGroup;
			children = (
				080E96DDFE201D6D7F000001 /* Classes */,
				29B97315FDCFA39411CA2CEA /* Other Sources */,
				29B97317FDCFA39411CA2CEA /* Resources */,
				29B97323FDCFA39411CA2CEA /* Frameworks */,
				19C28FACFE9D520D11CA2CBB /* Products */,
			);
			name = Colors;
			sourceTree = "<group>";
		};
		29B97315FDCFA39411CA2CEA /* Other Sources */ = {
			isa = PBXGroup;
			children = (
				32CA4F630368D1EE00C91783 /* Colors_Prefix.pch */,
				29B97316FDCFA39411CA2CEA /* main.m */,
				C9EAF9231013A23F00A92931 /* NSColor+CAdditions.h */,
				C9EAF9241013A23F00A92931 /* NSColor+CAdditions.m */,
				C9C31FB2104CB9B500F321FB /* MPTidbits.h */,
				C9C31FB3104CB9B500F321FB /* NSCollections+MPTidbits.h */,
				C9C31FB4104CB9B500F321FB /* NSCollections+MPTidbits.m */,
				C9C31FB5104CB9B500F321FB /* NSString+MPTidbits.h */,
				C9C31FB6104CB9B500F321FB /* NSString+MPTidbits.m */,
			);
			name = "Other Sources";
			sourceTree = "<group>";
		};
		29B97317FDCFA39411CA2CEA /* Resources */ = {
			isa = PBXGroup;
			children = (
				C9BD6E3B107A7DBB0035697C /* hud-prefs.png */,
				C972A2CF0DF21202006F159E /* Colors.icns */,
				C9D2C0960D98375D006DC17F /* magnifier.png */,
				C9EAF91E1013A04D00A92931 /* DefaultPatterns.plist */,
				8D1107310486CEB800E47090 /* Info.plist */,
				089C165CFE840E0CC02AAC07 /* InfoPlist.strings */,
				29B97318FDCFA39411CA2CEA /* MainMenu.nib */,
			);
			name = Resources;
			sourceTree = "<group>";
		};
		29B97323FDCFA39411CA2CEA /* Frameworks */ = {
			isa = PBXGroup;
			children = (
				1058C7A0FEA54F0111CA2CBB /* Linked Frameworks */,
				1058C7A2FEA54F0111CA2CBB /* Other Frameworks */,
			);
			name = Frameworks;
			sourceTree = "<group>";
		};
/* End PBXGroup section */

/* Begin PBXNativeTarget section */
		8D1107260486CEB800E47090 /* Colors */ = {
			isa = PBXNativeTarget;
			buildConfigurationList = C01FCF4A08A954540054247B /* Build configuration list for PBXNativeTarget "Colors" */;
			buildPhases = (
				8D1107290486CEB800E47090 /* Resources */,
				8D11072C0486CEB800E47090 /* Sources */,
				8D11072E0486CEB800E47090 /* Frameworks */,
				C9EAF90110139E3F00A92931 /* CopyFiles */,
			);
			buildRules = (
			);
			dependencies = (
			);
			name = Colors;
			productInstallPath = "$(HOME)/Applications";
			productName = Colors;
			productReference = 8D1107320486CEB800E47090 /* Colors.app */;
			productType = "com.apple.product-type.application";
		};
/* End PBXNativeTarget section */

/* Begin PBXProject section */
		29B97313FDCFA39411CA2CEA /* Project object */ = {
			isa = PBXProject;
			buildConfigurationList = C01FCF4E08A954540054247B /* Build configuration list for PBXProject "Colors" */;
			compatibilityVersion = "Xcode 3.1";
			hasScannedForEncodings = 1;
			mainGroup = 29B97314FDCFA39411CA2CEA /* Colors */;
			projectDirPath = "";
			projectRoot = "";
			targets = (
				8D1107260486CEB800E47090 /* Colors */,
			);
		};
/* End PBXProject section */

/* Begin PBXResourcesBuildPhase section */
		8D1107290486CEB800E47090 /* Resources */ = {
			isa = PBXResourcesBuildPhase;
			buildActionMask = 2147483647;
			files = (
				8D11072A0486CEB800E47090 /* MainMenu.nib in Resources */,
				8D11072B0486CEB800E47090 /* InfoPlist.strings in Resources */,
				C9D2C0970D98375D006DC17F /* magnifier.png in Resources */,
				C972A2D00DF21202006F159E /* Colors.icns in Resources */,
				C9EAF91F1013A04D00A92931 /* DefaultPatterns.plist in Resources */,
				C9BD6E3C107A7DBB0035697C /* hud-prefs.png in Resources */,
			);
			runOnlyForDeploymentPostprocessing = 0;
		};
/* End PBXResourcesBuildPhase section */

/* Begin PBXSourcesBuildPhase section */
		8D11072C0486CEB800E47090 /* Sources */ = {
			isa = PBXSourcesBuildPhase;
			buildActionMask = 2147483647;
			files = (
				8D11072D0486CEB800E47090 /* main.m in Sources */,
				C94AEBF710139C820029A1F6 /* CController.m in Sources */,
				C9EAF91B10139F1500A92931 /* CPatternController.m in Sources */,
				C9EAF9251013A23F00A92931 /* NSColor+CAdditions.m in Sources */,
				C9C31FB7104CB9B500F321FB /* NSCollections+MPTidbits.m in Sources */,
				C9C31FB8104CB9B500F321FB /* NSString+MPTidbits.m in Sources */,
			);
			runOnlyForDeploymentPostprocessing = 0;
		};
/* End PBXSourcesBuildPhase section */

/* Begin PBXVariantGroup section */
		089C165CFE840E0CC02AAC07 /* InfoPlist.strings */ = {
			isa = PBXVariantGroup;
			children = (
				089C165DFE840E0CC02AAC07 /* English */,
			);
			name = InfoPlist.strings;
			sourceTree = "<group>";
		};
		29B97318FDCFA39411CA2CEA /* MainMenu.nib */ = {
			isa = PBXVariantGroup;
			children = (
				29B97319FDCFA39411CA2CEA /* English */,
			);
			name = MainMenu.nib;
			sourceTree = "<group>";
		};
/* End PBXVariantGroup section */

/* Begin XCBuildConfiguration section */
		C01FCF4B08A954540054247B /* Debug */ = {
			isa = XCBuildConfiguration;
			buildSettings = {
				ALWAYS_SEARCH_USER_PATHS = NO;
				COPY_PHASE_STRIP = NO;
				FRAMEWORK_SEARCH_PATHS = (
					"$(inherited)",
					"\"$(SRCROOT)\"",
				);
				GCC_DYNAMIC_NO_PIC = NO;
				GCC_ENABLE_FIX_AND_CONTINUE = YES;
				GCC_MODEL_TUNING = G5;
				GCC_OPTIMIZATION_LEVEL = 0;
				GCC_PRECOMPILE_PREFIX_HEADER = YES;
				GCC_PREFIX_HEADER = Colors_Prefix.pch;
				INFOPLIST_FILE = Info.plist;
				INSTALL_PATH = "$(HOME)/Applications";
				PRODUCT_NAME = Colors;
			};
			name = Debug;
		};
		C01FCF4C08A954540054247B /* Release */ = {
			isa = XCBuildConfiguration;
			buildSettings = {
				ALWAYS_SEARCH_USER_PATHS = NO;
				DEBUG_INFORMATION_FORMAT = "dwarf-with-dsym";
				FRAMEWORK_SEARCH_PATHS = (
					"$(inherited)",
					"\"$(SRCROOT)\"",
				);
				GCC_MODEL_TUNING = G5;
				GCC_PRECOMPILE_PREFIX_HEADER = YES;
				GCC_PREFIX_HEADER = Colors_Prefix.pch;
				INFOPLIST_FILE = Info.plist;
				INSTALL_PATH = "$(HOME)/Applications";
				PRODUCT_NAME = Colors;
			};
			name = Release;
		};
		C01FCF4F08A954540054247B /* Debug */ = {
			isa = XCBuildConfiguration;
			buildSettings = {
				ALWAYS_SEARCH_USER_PATHS = NO;
				ARCHS = "$(ARCHS_STANDARD_32_64_BIT)";
				GCC_OPTIMIZATION_LEVEL = 0;
				GCC_WARN_ABOUT_RETURN_TYPE = YES;
				GCC_WARN_UNUSED_VARIABLE = YES;
				ONLY_ACTIVE_ARCH = YES;
				PREBINDING = NO;
				SDKROOT = macosx10.5;
			};
			name = Debug;
		};
		C01FCF5008A954540054247B /* Release */ = {
			isa = XCBuildConfiguration;
			buildSettings = {
				ALWAYS_SEARCH_USER_PATHS = NO;
				ARCHS = "$(ARCHS_STANDARD_32_64_BIT)";
				GCC_WARN_ABOUT_RETURN_TYPE = YES;
				GCC_WARN_UNUSED_VARIABLE = YES;
				PREBINDING = NO;
				SDKROOT = macosx10.5;
			};
			name = Release;
		};
/* End XCBuildConfiguration section */

/* Begin XCConfigurationList section */
		C01FCF4A08A954540054247B /* Build configuration list for PBXNativeTarget "Colors" */ = {
			isa = XCConfigurationList;
			buildConfigurations = (
				C01FCF4B08A954540054247B /* Debug */,
				C01FCF4C08A954540054247B /* Release */,
			);
			defaultConfigurationIsVisible = 0;
			defaultConfigurationName = Release;
		};
		C01FCF4E08A954540054247B /* Build configuration list for PBXProject "Colors" */ = {
			isa = XCConfigurationList;
			buildConfigurations = (
				C01FCF4F08A954540054247B /* Debug */,
				C01FCF5008A954540054247B /* Release */,
			);
			defaultConfigurationIsVisible = 0;
			defaultConfigurationName = Release;
		};
/* End XCConfigurationList section */
	};
	rootObject = 29B97313FDCFA39411CA2CEA /* Project object */;
}
